
Microsoft Visual Studio Solution File, Format Version 12.00
# Visual Studio Version 17
VisualStudioVersion = 17.9.34622.214
MinimumVisualStudioVersion = 10.0.40219.1
Project("{FAE04EC0-301F-11D3-BF4B-00C04F79EFBC}") = "QueryPhone", "QueryPhone\QueryPhone.csproj", "{CC693315-3712-48D9-AA0B-14020893EC21}"
EndProject
Project("{FAE04EC0-301F-11D3-BF4B-00C04F79EFBC}") = "QueryPhone.Core", "QueryPhone.Core\QueryPhone.Core.csproj", "{3F94F2F8-0F5C-426E-95C7-2CAFB8905CC4}"
EndProject
Project("{FAE04EC0-301F-11D3-BF4B-00C04F79EFBC}") = "QueryPhone.Web", "QueryPhone.Web\QueryPhone.Web.csproj", "{32E2D001-6AE4-421D-B72A-06AF5AD20EB9}"
EndProject
Global
	GlobalSection(SolutionConfigurationPlatforms) = preSolution
		Debug|Any CPU = Debug|Any CPU
		Release|Any CPU = Release|Any CPU
	EndGlobalSection
	GlobalSection(ProjectConfigurationPlatforms) = postSolution
		{CC693315-3712-48D9-AA0B-14020893EC21}.Debug|Any CPU.ActiveCfg = Debug|Any CPU
		{CC693315-3712-48D9-AA0B-14020893EC21}.Debug|Any CPU.Build.0 = Debug|Any CPU
		{CC693315-3712-48D9-AA0B-14020893EC21}.Release|Any CPU.ActiveCfg = Release|Any CPU
		{CC693315-3712-48D9-AA0B-14020893EC21}.Release|Any CPU.Build.0 = Release|Any CPU
		{3F94F2F8-0F5C-426E-95C7-2CAFB8905CC4}.Debug|Any CPU.ActiveCfg = Debug|Any CPU
		{3F94F2F8-0F5C-426E-95C7-2CAFB8905CC4}.Debug|Any CPU.Build.0 = Debug|Any CPU
		{3F94F2F8-0F5C-426E-95C7-2CAFB8905CC4}.Release|Any CPU.ActiveCfg = Release|Any CPU
		{3F94F2F8-0F5C-426E-95C7-2CAFB8905CC4}.Release|Any CPU.Build.0 = Release|Any CPU
		{32E2D001-6AE4-421D-B72A-06AF5AD20EB9}.Debug|Any CPU.ActiveCfg = Debug|Any CPU
		{32E2D001-6AE4-421D-B72A-06AF5AD20EB9}.Debug|Any CPU.Build.0 = Debug|Any CPU
		{32E2D001-6AE4-421D-B72A-06AF5AD20EB9}.Release|Any CPU.ActiveCfg = Release|Any CPU
		{32E2D001-6AE4-421D-B72A-06AF5AD20EB9}.Release|Any CPU.Build.0 = Release|Any CPU
	EndGlobalSection
	GlobalSection(SolutionProperties) = preSolution
		HideSolutionNode = FALSE
	EndGlobalSection
	GlobalSection(ExtensibilityGlobals) = postSolution
		SolutionGuid = {BDA326A2-239A-4700-AA16-43AB1D48F54F}
	EndGlobalSection
EndGlobal
